Microsoft Visual Studio Solution File, Format Version 11.00
# Visual Studio 2008

Project("{F1BD8D8E-03A2-A5D9-315B-40A94AA8B0D2}") = "simplejumpcube", "Assembly-CSharp-vs.csproj", "{80A14160-D86C-8BBA-1D5C-A1985CE2583D}"
EndProject
Global
	GlobalSection(SolutionConfigurationPlatforms) = preSolution
		Debug|Any CPU = Debug|Any CPU
		Release|Any CPU = Release|Any CPU
	EndGlobalSection
	GlobalSection(ProjectConfigurationPlatforms) = postSolution
		{80A14160-D86C-8BBA-1D5C-A1985CE2583D}.Debug|Any CPU.ActiveCfg = Debug|Any CPU
		{80A14160-D86C-8BBA-1D5C-A1985CE2583D}.Debug|Any CPU.Build.0 = Debug|Any CPU
		{80A14160-D86C-8BBA-1D5C-A1985CE2583D}.Release|Any CPU.ActiveCfg = Release|Any CPU
		{80A14160-D86C-8BBA-1D5C-A1985CE2583D}.Release|Any CPU.Build.0 = Release|Any CPU
	EndGlobalSection
	GlobalSection(SolutionProperties) = preSolution
		HideSolutionNode = FALSE
	EndGlobalSection
																																					GlobalSection(MonoDevelopProperties) = preSolution
		StartupItem = Assembly-CSharp.csproj
		Policies = $0
		$0.TextStylePolicy = $1
		$1.inheritsSet = null
		$1.scope = text/x-csharp
		$0.CSharpFormattingPolicy = $2
		$2.inheritsSet = Mono
		$2.inheritsScope = text/x-csharp
		$2.scope = text/x-csharp
		$0.TextStylePolicy = $3
		$3.FileWidth = 120
		$3.TabWidth = 4
		$3.EolMarker = Unix
		$3.inheritsSet = Mono
		$3.inheritsScope = text/plain
		$3.scope = text/plain
	EndGlobalSection

EndGlobal
